
Microsoft Visual Studio Solution File, Format Version 12.00
# Visual Studio Version 17
VisualStudioVersion = 17.8.34525.116
MinimumVisualStudioVersion = 10.0.40219.1
Project("{9A19103F-16F7-4668-BE54-9A1E7A4F7556}") = "Text-based adventure", "Text-based adventure.csproj", "{037515BD-9D1F-4CCA-A697-A23A1BDBE939}"
EndProject
Project("{2150E333-8FDC-42A3-9474-1A3956D46DE8}") = "Solution Items", "Solution Items", "{D1276368-7335-4B30-9220-B40DA128AB84}"
	ProjectSection(SolutionItems) = preProject
		DialogueHelper.cs = DialogueHelper.cs
		PlayerState.cs = PlayerState.cs
	EndProjectSection
EndProject
Global
	GlobalSection(SolutionConfigurationPlatforms) = preSolution
		Debug|Any CPU = Debug|Any CPU
		Release|Any CPU = Release|Any CPU
	EndGlobalSection
	GlobalSection(ProjectConfigurationPlatforms) = postSolution
		{037515BD-9D1F-4CCA-A697-A23A1BDBE939}.Debug|Any CPU.ActiveCfg = Debug|Any CPU
		{037515BD-9D1F-4CCA-A697-A23A1BDBE939}.Debug|Any CPU.Build.0 = Debug|Any CPU
		{037515BD-9D1F-4CCA-A697-A23A1BDBE939}.Release|Any CPU.ActiveCfg = Release|Any CPU
		{037515BD-9D1F-4CCA-A697-A23A1BDBE939}.Release|Any CPU.Build.0 = Release|Any CPU
	EndGlobalSection
	GlobalSection(SolutionProperties) = preSolution
		HideSolutionNode = FALSE
	EndGlobalSection
	GlobalSection(ExtensibilityGlobals) = postSolution
		SolutionGuid = {113A8643-F609-40A7-B08F-4D2F60499AC6}
	EndGlobalSection
EndGlobal
